
Microsoft Visual Studio Solution File, Format Version 12.00
# Visual Studio Version 16
VisualStudioVersion = 16.0.29728.190
MinimumVisualStudioVersion = 10.0.40219.1
Project("{FAE04EC0-301F-11D3-BF4B-00C04F79EFBC}") = "ClassLibrary", "ClassLibrary\ClassLibrary.csproj", "{32CA27FC-D8D1-456B-B04C-68DDBC857FCC}"
EndProject
Project("{FAE04EC0-301F-11D3-BF4B-00C04F79EFBC}") = "TestLibrary", "TestLibrary\TestLibrary.csproj", "{1D74EE7D-A1D3-4790-8C65-B00BEEC8A056}"
EndProject
Global
	GlobalSection(SolutionConfigurationPlatforms) = preSolution
		Debug|Any CPU = Debug|Any CPU
		Release|Any CPU = Release|Any CPU
	EndGlobalSection
	GlobalSection(ProjectConfigurationPlatforms) = postSolution
		{32CA27FC-D8D1-456B-B04C-68DDBC857FCC}.Debug|Any CPU.ActiveCfg = Debug|Any CPU
		{32CA27FC-D8D1-456B-B04C-68DDBC857FCC}.Debug|Any CPU.Build.0 = Debug|Any CPU
		{32CA27FC-D8D1-456B-B04C-68DDBC857FCC}.Release|Any CPU.ActiveCfg = Release|Any CPU
		{32CA27FC-D8D1-456B-B04C-68DDBC857FCC}.Release|Any CPU.Build.0 = Release|Any CPU
		{1D74EE7D-A1D3-4790-8C65-B00BEEC8A056}.Debug|Any CPU.ActiveCfg = Debug|Any CPU
		{1D74EE7D-A1D3-4790-8C65-B00BEEC8A056}.Debug|Any CPU.Build.0 = Debug|Any CPU
		{1D74EE7D-A1D3-4790-8C65-B00BEEC8A056}.Release|Any CPU.ActiveCfg = Release|Any CPU
		{1D74EE7D-A1D3-4790-8C65-B00BEEC8A056}.Release|Any CPU.Build.0 = Release|Any CPU
	EndGlobalSection
	GlobalSection(SolutionProperties) = preSolution
		HideSolutionNode = FALSE
	EndGlobalSection
	GlobalSection(ExtensibilityGlobals) = postSolution
		SolutionGuid = {D5F58F54-4491-4F0C-ACBD-0CC9D5FC3B38}
	EndGlobalSection
EndGlobal
